// !$*UTF8*$!
{
	archiveVersion = 1;
	classes = {
	};
	objectVersion = 46;
	objects = {

/* Begin PBXBuildFile section */
		DF36854D1EB4BF0100B0E09B /* AppDelegate.swift in Sources */ = {isa = PBXBuildFile; fileRef = DF36854C1EB4BF0100B0E09B /* AppDelegate.swift */; };
		DF36854F1EB4BF0100B0E09B /* ViewController.swift in Sources */ = {isa = PBXBuildFile; fileRef = DF36854E1EB4BF0100B0E09B /* ViewController.swift */; };
		DF3685511EB4BF0100B0E09B /* Assets.xcassets in Resources */ = {isa = PBXBuildFile; fileRef = DF3685501EB4BF0100B0E09B /* Assets.xcassets */; };
		DF3685541EB4BF0100B0E09B /* Main.storyboard in Resources */ = {isa = PBXBuildFile; fileRef = DF3685521EB4BF0100B0E09B /* Main.storyboard */; };
/* End PBXBuildFile section */

/* Begin PBXContainerItemProxy section */
		DFAB95A41EC8ACD700B07E10 /* PBXContainerItemProxy */ = {
			isa = PBXContainerItemProxy;
			containerPortal = DFAB959F1EC8ACD700B07E10 /* qiskit.xcodeproj */;
			proxyType = 2;
			remoteGlobalIDString = DFBC4F621EC7384100027640;
			remoteInfo = qiskit;
		};
		DFAB95A61EC8ACD700B07E10 /* PBXContainerItemProxy */ = {
			isa = PBXContainerItemProxy;
			containerPortal = DFAB959F1EC8ACD700B07E10 /* qiskit.xcodeproj */;
			proxyType = 2;
			remoteGlobalIDString = DFBC4F6B1EC7384200027640;
			remoteInfo = qiskitTests;
		};
		DFAB95D81EC8AD8800B07E10 /* PBXContainerItemProxy */ = {
			isa = PBXContainerItemProxy;
			containerPortal = DFAB95C81EC8AD8800B07E10 /* CorePlot.xcodeproj */;
			proxyType = 2;
			remoteGlobalIDString = 8DC2EF5B0486A6940098B216;
			remoteInfo = "CorePlot Mac";
		};
		DFAB95DA1EC8AD8800B07E10 /* PBXContainerItemProxy */ = {
			isa = PBXContainerItemProxy;
			containerPortal = DFAB95C81EC8AD8800B07E10 /* CorePlot.xcodeproj */;
			proxyType = 2;
			remoteGlobalIDString = 0730F600109492D800E95162;
			remoteInfo = "UnitTests Mac";
		};
		DFAB95DC1EC8AD8800B07E10 /* PBXContainerItemProxy */ = {
			isa = PBXContainerItemProxy;
			containerPortal = DFAB95C81EC8AD8800B07E10 /* CorePlot.xcodeproj */;
			proxyType = 2;
			remoteGlobalIDString = C38A09781A46185200D45436;
			remoteInfo = "CorePlot iOS";
		};
		DFAB95DE1EC8AD8800B07E10 /* PBXContainerItemProxy */ = {
			isa = PBXContainerItemProxy;
			containerPortal = DFAB95C81EC8AD8800B07E10 /* CorePlot.xcodeproj */;
			proxyType = 2;
			remoteGlobalIDString = C38A09821A46185300D45436;
			remoteInfo = "UnitTests iOS";
		};
		DFAB95E01EC8AD8800B07E10 /* PBXContainerItemProxy */ = {
			isa = PBXContainerItemProxy;
			containerPortal = DFAB95C81EC8AD8800B07E10 /* CorePlot.xcodeproj */;
			proxyType = 2;
			remoteGlobalIDString = C38A09BA1A4619A900D45436;
			remoteInfo = "CorePlot-CocoaTouch";
		};
		DFAB95E21EC8AD8800B07E10 /* PBXContainerItemProxy */ = {
			isa = PBXContainerItemProxy;
			containerPortal = DFAB95C81EC8AD8800B07E10 /* CorePlot.xcodeproj */;
			proxyType = 2;
			remoteGlobalIDString = C38A09C41A4619A900D45436;
			remoteInfo = "CorePlot-CocoaTouchTests";
		};
		DFAB95E41EC8AD8800B07E10 /* PBXContainerItemProxy */ = {
			isa = PBXContainerItemProxy;
			containerPortal = DFAB95C81EC8AD8800B07E10 /* CorePlot.xcodeproj */;
			proxyType = 2;
			remoteGlobalIDString = C37EA6921BC83F2A0091C8F7;
			remoteInfo = "CorePlot tvOS";
		};
		DFAB95E61EC8AD8800B07E10 /* PBXContainerItemProxy */ = {
			isa = PBXContainerItemProxy;
			containerPortal = DFAB95C81EC8AD8800B07E10 /* CorePlot.xcodeproj */;
			proxyType = 2;
			remoteGlobalIDString = C37EA6B71BC83F2D0091C8F7;
			remoteInfo = "UnitTests tvOS";
		};
/* End PBXContainerItemProxy section */

/* Begin PBXFileReference section */
		DF3685491EB4BF0100B0E09B /* QisSwiftPlayground.app */ = {isa = PBXFileReference; explicitFileType = wrapper.application; includeInIndex = 0; path = QisSwiftPlayground.app; sourceTree = BUILT_PRODUCTS_DIR; };
		DF36854C1EB4BF0100B0E09B /* AppDelegate.swift */ = {isa = PBXFileReference; lastKnownFileType = sourcecode.swift; path = AppDelegate.swift; sourceTree = "<group>"; };
		DF36854E1EB4BF0100B0E09B /* ViewController.swift */ = {isa = PBXFileReference; lastKnownFileType = sourcecode.swift; path = ViewController.swift; sourceTree = "<group>"; };
		DF3685501EB4BF0100B0E09B /* Assets.xcassets */ = {isa = PBXFileReference; lastKnownFileType = folder.assetcatalog; path = Assets.xcassets; sourceTree = "<group>"; };
		DF3685531EB4BF0100B0E09B /* Base */ = {isa = PBXFileReference; lastKnownFileType = file.storyboard; name = Base; path = Base.lproj/Main.storyboard; sourceTree = "<group>"; };
		DF3685551EB4BF0100B0E09B /* Info.plist */ = {isa = PBXFileReference; lastKnownFileType = text.plist.xml; path = Info.plist; sourceTree = "<group>"; };
		DFAB959F1EC8ACD700B07E10 /* qiskit.xcodeproj */ = {isa = PBXFileReference; lastKnownFileType = "wrapper.pb-project"; name = qiskit.xcodeproj; path = "Carthage/Checkouts/qiskit-sdk-swift-dev/qiskit/qiskit.xcodeproj"; sourceTree = "<group>"; };
		DFAB95C81EC8AD8800B07E10 /* CorePlot.xcodeproj */ = {isa = PBXFileReference; lastKnownFileType = "wrapper.pb-project"; name = CorePlot.xcodeproj; path = "Carthage/Checkouts/qiskit-sdk-swift-dev/qiskit/../../core-plot/framework/CorePlot.xcodeproj"; sourceTree = "<group>"; };
		DFE7AF761EB4C1D100D8DD72 /* QisApiSwift.playground */ = {isa = PBXFileReference; lastKnownFileType = file.playground; path = QisApiSwift.playground; sourceTree = "<group>"; };
/* End PBXFileReference section */

/* Begin PBXFrameworksBuildPhase section */
		DF3685461EB4BF0100B0E09B /* Frameworks */ = {
			isa = PBXFrameworksBuildPhase;
			buildActionMask = 2147483647;
			files = (
			);
			runOnlyForDeploymentPostprocessing = 0;
		};
/* End PBXFrameworksBuildPhase section */

/* Begin PBXGroup section */
		DF3685401EB4BF0100B0E09B = {
			isa = PBXGroup;
			children = (
				DFAB95C81EC8AD8800B07E10 /* CorePlot.xcodeproj */,
				DFAB959F1EC8ACD700B07E10 /* qiskit.xcodeproj */,
				DFE7AF761EB4C1D100D8DD72 /* QisApiSwift.playground */,
				DF36854B1EB4BF0100B0E09B /* QisSwiftPlayground */,
				DF36854A1EB4BF0100B0E09B /* Products */,
			);
			sourceTree = "<group>";
		};
		DF36854A1EB4BF0100B0E09B /* Products */ = {
			isa = PBXGroup;
			children = (
				DF3685491EB4BF0100B0E09B /* QisSwiftPlayground.app */,
			);
			name = Products;
			sourceTree = "<group>";
		};
		DF36854B1EB4BF0100B0E09B /* QisSwiftPlayground */ = {
			isa = PBXGroup;
			children = (
				DF36854C1EB4BF0100B0E09B /* AppDelegate.swift */,
				DF36854E1EB4BF0100B0E09B /* ViewController.swift */,
				DF3685501EB4BF0100B0E09B /* Assets.xcassets */,
				DF3685521EB4BF0100B0E09B /* Main.storyboard */,
				DF3685551EB4BF0100B0E09B /* Info.plist */,
			);
			path = QisSwiftPlayground;
			sourceTree = "<group>";
		};
		DFAB95A01EC8ACD700B07E10 /* Products */ = {
			isa = PBXGroup;
			children = (
				DFAB95A51EC8ACD700B07E10 /* qiskit.framework */,
				DFAB95A71EC8ACD700B07E10 /* qiskitTests.xctest */,
			);
			name = Products;
			sourceTree = "<group>";
		};
		DFAB95C91EC8AD8800B07E10 /* Products */ = {
			isa = PBXGroup;
			children = (
				DFAB95D91EC8AD8800B07E10 /* CorePlot.framework */,
				DFAB95DB1EC8AD8800B07E10 /* UnitTests.xctest */,
				DFAB95DD1EC8AD8800B07E10 /* CorePlot.framework */,
				DFAB95DF1EC8AD8800B07E10 /* UnitTests iOS.xctest */,
				DFAB95E11EC8AD8800B07E10 /* libCorePlot-CocoaTouch.a */,
				DFAB95E31EC8AD8800B07E10 /* CorePlot-CocoaTouchTests.xctest */,
				DFAB95E51EC8AD8800B07E10 /* CorePlot.framework */,
				DFAB95E71EC8AD8800B07E10 /* UnitTests tvOS.xctest */,
			);
			name = Products;
			sourceTree = "<group>";
		};
/* End PBXGroup section */

/* Begin PBXNativeTarget section */
		DF3685481EB4BF0100B0E09B /* QisSwiftPlayground */ = {
			isa = PBXNativeTarget;
			buildConfigurationList = DF3685581EB4BF0100B0E09B /* Build configuration list for PBXNativeTarget "QisSwiftPlayground" */;
			buildPhases = (
				DF3685451EB4BF0100B0E09B /* Sources */,
				DF3685461EB4BF0100B0E09B /* Frameworks */,
				DF3685471EB4BF0100B0E09B /* Resources */,
			);
			buildRules = (
			);
			dependencies = (
			);
			name = QisSwiftPlayground;
			productName = QisSwiftPlayground;
			productReference = DF3685491EB4BF0100B0E09B /* QisSwiftPlayground.app */;
			productType = "com.apple.product-type.application";
		};
/* End PBXNativeTarget section */

/* Begin PBXProject section */
		DF3685411EB4BF0100B0E09B /* Project object */ = {
			isa = PBXProject;
			attributes = {
				LastSwiftUpdateCheck = 0830;
				LastUpgradeCheck = 0830;
				ORGANIZATIONNAME = IBM;
				TargetAttributes = {
					DF3685481EB4BF0100B0E09B = {
						CreatedOnToolsVersion = 8.3.2;
						DevelopmentTeam = 9GPSR7CXJW;
						ProvisioningStyle = Automatic;
					};
				};
			};
			buildConfigurationList = DF3685441EB4BF0100B0E09B /* Build configuration list for PBXProject "QisSwiftPlayground" */;
			compatibilityVersion = "Xcode 3.2";
			developmentRegion = English;
			hasScannedForEncodings = 0;
			knownRegions = (
				en,
				Base,
			);
			mainGroup = DF3685401EB4BF0100B0E09B;
			productRefGroup = DF36854A1EB4BF0100B0E09B /* Products */;
			projectDirPath = "";
			projectReferences = (
				{
					ProductGroup = DFAB95C91EC8AD8800B07E10 /* Products */;
					ProjectRef = DFAB95C81EC8AD8800B07E10 /* CorePlot.xcodeproj */;
				},
				{
					ProductGroup = DFAB95A01EC8ACD700B07E10 /* Products */;
					ProjectRef = DFAB959F1EC8ACD700B07E10 /* qiskit.xcodeproj */;
				},
			);
			projectRoot = "";
			targets = (
				DF3685481EB4BF0100B0E09B /* QisSwiftPlayground */,
			);
		};
/* End PBXProject section */

/* Begin PBXReferenceProxy section */
		DFAB95A51EC8ACD700B07E10 /* qiskit.framework */ = {
			isa = PBXReferenceProxy;
			fileType = wrapper.framework;
			path = qiskit.framework;
			remoteRef = DFAB95A41EC8ACD700B07E10 /* PBXContainerItemProxy */;
			sourceTree = BUILT_PRODUCTS_DIR;
		};
		DFAB95A71EC8ACD700B07E10 /* qiskitTests.xctest */ = {
			isa = PBXReferenceProxy;
			fileType = wrapper.cfbundle;
			path = qiskitTests.xctest;
			remoteRef = DFAB95A61EC8ACD700B07E10 /* PBXContainerItemProxy */;
			sourceTree = BUILT_PRODUCTS_DIR;
		};
		DFAB95D91EC8AD8800B07E10 /* CorePlot.framework */ = {
			isa = PBXReferenceProxy;
			fileType = wrapper.framework;
			path = CorePlot.framework;
			remoteRef = DFAB95D81EC8AD8800B07E10 /* PBXContainerItemProxy */;
			sourceTree = BUILT_PRODUCTS_DIR;
		};
		DFAB95DB1EC8AD8800B07E10 /* UnitTests.xctest */ = {
			isa = PBXReferenceProxy;
			fileType = wrapper.cfbundle;
			path = UnitTests.xctest;
			remoteRef = DFAB95DA1EC8AD8800B07E10 /* PBXContainerItemProxy */;
			sourceTree = BUILT_PRODUCTS_DIR;
		};
		DFAB95DD1EC8AD8800B07E10 /* CorePlot.framework */ = {
			isa = PBXReferenceProxy;
			fileType = wrapper.framework;
			path = CorePlot.framework;
			remoteRef = DFAB95DC1EC8AD8800B07E10 /* PBXContainerItemProxy */;
			sourceTree = BUILT_PRODUCTS_DIR;
		};
		DFAB95DF1EC8AD8800B07E10 /* UnitTests iOS.xctest */ = {
			isa = PBXReferenceProxy;
			fileType = wrapper.cfbundle;
			path = "UnitTests iOS.xctest";
			remoteRef = DFAB95DE1EC8AD8800B07E10 /* PBXContainerItemProxy */;
			sourceTree = BUILT_PRODUCTS_DIR;
		};
		DFAB95E11EC8AD8800B07E10 /* libCorePlot-CocoaTouch.a */ = {
			isa = PBXReferenceProxy;
			fileType = archive.ar;
			path = "libCorePlot-CocoaTouch.a";
			remoteRef = DFAB95E01EC8AD8800B07E10 /* PBXContainerItemProxy */;
			sourceTree = BUILT_PRODUCTS_DIR;
		};
		DFAB95E31EC8AD8800B07E10 /* CorePlot-CocoaTouchTests.xctest */ = {
			isa = PBXReferenceProxy;
			fileType = wrapper.cfbundle;
			path = "CorePlot-CocoaTouchTests.xctest";
			remoteRef = DFAB95E21EC8AD8800B07E10 /* PBXContainerItemProxy */;
			sourceTree = BUILT_PRODUCTS_DIR;
		};
		DFAB95E51EC8AD8800B07E10 /* CorePlot.framework */ = {
			isa = PBXReferenceProxy;
			fileType = wrapper.framework;
			path = CorePlot.framework;
			remoteRef = DFAB95E41EC8AD8800B07E10 /* PBXContainerItemProxy */;
			sourceTree = BUILT_PRODUCTS_DIR;
		};
		DFAB95E71EC8AD8800B07E10 /* UnitTests tvOS.xctest */ = {
			isa = PBXReferenceProxy;
			fileType = wrapper.cfbundle;
			path = "UnitTests tvOS.xctest";
			remoteRef = DFAB95E61EC8AD8800B07E10 /* PBXContainerItemProxy */;
			sourceTree = BUILT_PRODUCTS_DIR;
		};
/* End PBXReferenceProxy section */

/* Begin PBXResourcesBuildPhase section */
		DF3685471EB4BF0100B0E09B /* Resources */ = {
			isa = PBXResourcesBuildPhase;
			buildActionMask = 2147483647;
			files = (
				DF3685511EB4BF0100B0E09B /* Assets.xcassets in Resources */,
				DF3685541EB4BF0100B0E09B /* Main.storyboard in Resources */,
			);
			runOnlyForDeploymentPostprocessing = 0;
		};
/* End PBXResourcesBuildPhase section */

/* Begin PBXSourcesBuildPhase section */
		DF3685451EB4BF0100B0E09B /* Sources */ = {
			isa = PBXSourcesBuildPhase;
			buildActionMask = 2147483647;
			files = (
				DF36854F1EB4BF0100B0E09B /* ViewController.swift in Sources */,
				DF36854D1EB4BF0100B0E09B /* AppDelegate.swift in Sources */,
			);
			runOnlyForDeploymentPostprocessing = 0;
		};
/* End PBXSourcesBuildPhase section */

/* Begin PBXVariantGroup section */
		DF3685521EB4BF0100B0E09B /* Main.storyboard */ = {
			isa = PBXVariantGroup;
			children = (
				DF3685531EB4BF0100B0E09B /* Base */,
			);
			name = Main.storyboard;
			sourceTree = "<group>";
		};
/* End PBXVariantGroup section */

/* Begin XCBuildConfiguration section */
		DF3685561EB4BF0100B0E09B /* Debug */ = {
			isa = XCBuildConfiguration;
			buildSettings = {
				ALWAYS_SEARCH_USER_PATHS = NO;
				CLANG_ANALYZER_NONNULL = YES;
				CLANG_ANALYZER_NUMBER_OBJECT_CONVERSION = YES_AGGRESSIVE;
				CLANG_CXX_LANGUAGE_STANDARD = "gnu++0x";
				CLANG_CXX_LIBRARY = "libc++";
				CLANG_ENABLE_MODULES = YES;
				CLANG_ENABLE_OBJC_ARC = YES;
				CLANG_WARN_BOOL_CONVERSION = YES;
				CLANG_WARN_CONSTANT_CONVERSION = YES;
				CLANG_WARN_DIRECT_OBJC_ISA_USAGE = YES_ERROR;
				CLANG_WARN_DOCUMENTATION_COMMENTS = YES;
				CLANG_WARN_EMPTY_BODY = YES;
				CLANG_WARN_ENUM_CONVERSION = YES;
				CLANG_WARN_INFINITE_RECURSION = YES;
				CLANG_WARN_INT_CONVERSION = YES;
				CLANG_WARN_OBJC_ROOT_CLASS = YES_ERROR;
				CLANG_WARN_SUSPICIOUS_MOVE = YES;
				CLANG_WARN_UNREACHABLE_CODE = YES;
				CLANG_WARN__DUPLICATE_METHOD_MATCH = YES;
				CODE_SIGN_IDENTITY = "-";
				COPY_PHASE_STRIP = NO;
				DEBUG_INFORMATION_FORMAT = dwarf;
				ENABLE_STRICT_OBJC_MSGSEND = YES;
				ENABLE_TESTABILITY = YES;
				GCC_C_LANGUAGE_STANDARD = gnu99;
				GCC_DYNAMIC_NO_PIC = NO;
				GCC_NO_COMMON_BLOCKS = YES;
				GCC_OPTIMIZATION_LEVEL = 0;
				GCC_PREPROCESSOR_DEFINITIONS = (
					"DEBUG=1",
					"$(inherited)",
				);
				GCC_WARN_64_TO_32_BIT_CONVERSION = YES;
				GCC_WARN_ABOUT_RETURN_TYPE = YES_ERROR;
				GCC_WARN_UNDECLARED_SELECTOR = YES;
				GCC_WARN_UNINITIALIZED_AUTOS = YES_AGGRESSIVE;
				GCC_WARN_UNUSED_FUNCTION = YES;
				GCC_WARN_UNUSED_VARIABLE = YES;
				MACOSX_DEPLOYMENT_TARGET = 10.12;
				MTL_ENABLE_DEBUG_INFO = YES;
				ONLY_ACTIVE_ARCH = YES;
				SDKROOT = macosx;
				SWIFT_ACTIVE_COMPILATION_CONDITIONS = DEBUG;
				SWIFT_OPTIMIZATION_LEVEL = "-Onone";
			};
			name = Debug;
		};
		DF3685571EB4BF0100B0E09B /* Release */ = {
			isa = XCBuildConfiguration;
			buildSettings = {
				ALWAYS_SEARCH_USER_PATHS = NO;
				CLANG_ANALYZER_NONNULL = YES;
				CLANG_ANALYZER_NUMBER_OBJECT_CONVERSION = YES_AGGRESSIVE;
				CLANG_CXX_LANGUAGE_STANDARD = "gnu++0x";
				CLANG_CXX_LIBRARY = "libc++";
				CLANG_ENABLE_MODULES = YES;
				CLANG_ENABLE_OBJC_ARC = YES;
				CLANG_WARN_BOOL_CONVERSION = YES;
				CLANG_WARN_CONSTANT_CONVERSION = YES;
				CLANG_WARN_DIRECT_OBJC_ISA_USAGE = YES_ERROR;
				CLANG_WARN_DOCUMENTATION_COMMENTS = YES;
				CLANG_WARN_EMPTY_BODY = YES;
				CLANG_WARN_ENUM_CONVERSION = YES;
				CLANG_WARN_INFINITE_RECURSION = YES;
				CLANG_WARN_INT_CONVERSION = YES;
				CLANG_WARN_OBJC_ROOT_CLASS = YES_ERROR;
				CLANG_WARN_SUSPICIOUS_MOVE = YES;
				CLANG_WARN_UNREACHABLE_CODE = YES;
				CLANG_WARN__DUPLICATE_METHOD_MATCH = YES;
				CODE_SIGN_IDENTITY = "-";
				COPY_PHASE_STRIP = NO;
				DEBUG_INFORMATION_FORMAT = "dwarf-with-dsym";
				ENABLE_NS_ASSERTIONS = NO;
				ENABLE_STRICT_OBJC_MSGSEND = YES;
				GCC_C_LANGUAGE_STANDARD = gnu99;
				GCC_NO_COMMON_BLOCKS = YES;
				GCC_WARN_64_TO_32_BIT_CONVERSION = YES;
				GCC_WARN_ABOUT_RETURN_TYPE = YES_ERROR;
				GCC_WARN_UNDECLARED_SELECTOR = YES;
				GCC_WARN_UNINITIALIZED_AUTOS = YES_AGGRESSIVE;
				GCC_WARN_UNUSED_FUNCTION = YES;
				GCC_WARN_UNUSED_VARIABLE = YES;
				MACOSX_DEPLOYMENT_TARGET = 10.12;
				MTL_ENABLE_DEBUG_INFO = NO;
				SDKROOT = macosx;
				SWIFT_OPTIMIZATION_LEVEL = "-Owholemodule";
			};
			name = Release;
		};
		DF3685591EB4BF0100B0E09B /* Debug */ = {
			isa = XCBuildConfiguration;
			buildSettings = {
				ASSETCATALOG_COMPILER_APPICON_NAME = AppIcon;
				COMBINE_HIDPI_IMAGES = YES;
				DEVELOPMENT_TEAM = 9GPSR7CXJW;
				INFOPLIST_FILE = QisSwiftPlayground/Info.plist;
				LD_RUNPATH_SEARCH_PATHS = "$(inherited) @executable_path/../Frameworks";
				PRODUCT_BUNDLE_IDENTIFIER = com.ibm.research.QisSwiftPlayground;
				PRODUCT_NAME = "$(TARGET_NAME)";
				SWIFT_VERSION = 3.0;
			};
			name = Debug;
		};
		DF36855A1EB4BF0100B0E09B /* Release */ = {
			isa = XCBuildConfiguration;
			buildSettings = {
				ASSETCATALOG_COMPILER_APPICON_NAME = AppIcon;
				COMBINE_HIDPI_IMAGES = YES;
				DEVELOPMENT_TEAM = 9GPSR7CXJW;
				INFOPLIST_FILE = QisSwiftPlayground/Info.plist;
				LD_RUNPATH_SEARCH_PATHS = "$(inherited) @executable_path/../Frameworks";
				PRODUCT_BUNDLE_IDENTIFIER = com.ibm.research.QisSwiftPlayground;
				PRODUCT_NAME = "$(TARGET_NAME)";
				SWIFT_VERSION = 3.0;
			};
			name = Release;
		};
/* End XCBuildConfiguration section */

/* Begin XCConfigurationList section */
		DF3685441EB4BF0100B0E09B /* Build configuration list for PBXProject "QisSwiftPlayground" */ = {
			isa = XCConfigurationList;
			buildConfigurations = (
				DF3685561EB4BF0100B0E09B /* Debug */,
				DF3685571EB4BF0100B0E09B /* Release */,
			);
			defaultConfigurationIsVisible = 0;
			defaultConfigurationName = Release;
		};
		DF3685581EB4BF0100B0E09B /* Build configuration list for PBXNativeTarget "QisSwiftPlayground" */ = {
			isa = XCConfigurationList;
			buildConfigurations = (
				DF3685591EB4BF0100B0E09B /* Debug */,
				DF36855A1EB4BF0100B0E09B /* Release */,
			);
			defaultConfigurationIsVisible = 0;
			defaultConfigurationName = Release;
		};
/* End XCConfigurationList section */
	};
	rootObject = DF3685411EB4BF0100B0E09B /* Project object */;
}
